{
  "version": 4,
  "terraform_version": "1.1.7",
  "serial": 82,
  "lineage": "529973a6-8743-fc3f-6773-5d2d421a335a",
  "outputs": {},
  "resources": [
    {
      "mode": "managed",
      "type": "azurerm_app_service",
      "name": "webapp",
      "provider": "provider[\"registry.terraform.io/hashicorp/azurerm\"]",
      "instances": [
        {
          "schema_version": 0,
          "attributes": {
            "app_service_plan_id": "/subscriptions/07511652-8939-424c-bedb-5cafb3b61347/resourceGroups/Resourcegroupteam2/providers/Microsoft.Web/serverfarms/team2serviceplan",
            "app_settings": {
              "WEBSITE_NODE_DEFAULT_VERSION": "6.9.1"
            },
            "auth_settings": [
              {
                "active_directory": [],
                "additional_login_params": {},
                "allowed_external_redirect_urls": [],
                "default_provider": "",
                "enabled": false,
                "facebook": [],
                "google": [],
                "issuer": "",
                "microsoft": [],
                "runtime_version": "",
                "token_refresh_extension_hours": 0,
                "token_store_enabled": false,
                "twitter": [],
                "unauthenticated_client_action": ""
              }
            ],
            "backup": [],
            "client_affinity_enabled": false,
            "client_cert_enabled": false,
            "client_cert_mode": "Required",
            "connection_string": [],
            "custom_domain_verification_id": "954689E55F6C8C038D0A07EE0A94584F3F8F626FD76AFB000D181E01758BFC05",
            "default_site_hostname": "team2-wep-app.azurewebsites.net",
            "enabled": true,
            "https_only": false,
            "id": "/subscriptions/07511652-8939-424c-bedb-5cafb3b61347/resourceGroups/Resourcegroupteam2/providers/Microsoft.Web/sites/team2-wep-app",
            "identity": [],
            "key_vault_reference_identity_id": "SystemAssigned",
            "location": "koreacentral",
            "logs": [
              {
                "application_logs": [
                  {
                    "azure_blob_storage": [],
                    "file_system_level": "Off"
                  }
                ],
                "detailed_error_messages_enabled": false,
                "failed_request_tracing_enabled": false,
                "http_logs": [
                  {
                    "azure_blob_storage": [],
                    "file_system": []
                  }
                ]
              }
            ],
            "name": "team2-wep-app",
            "outbound_ip_address_list": [
              "40.82.136.41",
              "40.82.143.92",
              "40.82.152.64",
              "40.82.153.10",
              "40.82.154.178",
              "20.39.184.100",
              "20.41.66.224"
            ],
            "outbound_ip_addresses": "40.82.136.41,40.82.143.92,40.82.152.64,40.82.153.10,40.82.154.178,20.39.184.100,20.41.66.224",
            "possible_outbound_ip_address_list": [
              "40.82.136.41",
              "40.82.143.92",
              "40.82.152.64",
              "40.82.153.10",
              "40.82.154.178",
              "20.39.184.100",
              "40.82.154.21",
              "20.39.186.19",
              "20.39.186.213",
              "40.82.137.208",
              "20.39.186.216",
              "20.39.189.53",
              "20.39.189.133",
              "52.141.27.221",
              "52.141.28.26",
              "52.141.28.213",
              "52.141.29.192",
              "40.82.136.214",
              "52.231.105.9",
              "52.231.106.18",
              "52.231.106.118",
              "52.231.106.144",
              "52.231.106.179",
              "52.231.106.182",
              "52.231.108.184",
              "52.231.108.197",
              "52.231.108.201",
              "20.39.191.122",
              "52.141.28.126",
              "52.141.28.136",
              "20.41.66.224"
            ],
            "possible_outbound_ip_addresses": "40.82.136.41,40.82.143.92,40.82.152.64,40.82.153.10,40.82.154.178,20.39.184.100,40.82.154.21,20.39.186.19,20.39.186.213,40.82.137.208,20.39.186.216,20.39.189.53,20.39.189.133,52.141.27.221,52.141.28.26,52.141.28.213,52.141.29.192,40.82.136.214,52.231.105.9,52.231.106.18,52.231.106.118,52.231.106.144,52.231.106.179,52.231.106.182,52.231.108.184,52.231.108.197,52.231.108.201,20.39.191.122,52.141.28.126,52.141.28.136,20.41.66.224",
            "resource_group_name": "Resourcegroupteam2",
            "site_config": [
              {
                "acr_use_managed_identity_credentials": false,
                "acr_user_managed_identity_client_id": "",
                "always_on": false,
                "app_command_line": "",
                "auto_swap_slot_name": "",
                "cors": [],
                "default_documents": [
                  "Default.htm",
                  "Default.html",
                  "Default.asp",
                  "index.htm",
                  "index.html",
                  "iisstart.htm",
                  "default.aspx",
                  "index.php",
                  "hostingstart.html"
                ],
                "dotnet_framework_version": "v4.0",
                "ftps_state": "AllAllowed",
                "health_check_path": "",
                "http2_enabled": false,
                "ip_restriction": [],
                "java_container": "",
                "java_container_version": "",
                "java_version": "",
                "linux_fx_version": "",
                "local_mysql_enabled": false,
                "managed_pipeline_mode": "Integrated",
                "min_tls_version": "1.2",
                "number_of_workers": 1,
                "php_version": "5.6",
                "python_version": "",
                "remote_debugging_enabled": false,
                "remote_debugging_version": "",
                "scm_ip_restriction": [],
                "scm_type": "ExternalGit",
                "scm_use_main_ip_restriction": false,
                "use_32_bit_worker_process": true,
                "vnet_route_all_enabled": false,
                "websockets_enabled": false,
                "windows_fx_version": ""
              }
            ],
            "site_credential": [
              {
                "password": "opuJZGahjqjleWFQrv8l7F7uqaMnf13Q0ZYhcC2AQRSPD71vnu3oq9b9t3H6",
                "username": "$team2-wep-app"
              }
            ],
            "source_control": [
              {
                "branch": "master",
                "manual_integration": true,
                "repo_url": "https://github.com/WordPress/WordPress",
                "rollback_enabled": false,
                "use_mercurial": false
              }
            ],
            "storage_account": [],
            "tags": {},
            "timeouts": null
          },
          "sensitive_attributes": [],
          "private": "eyJlMmJmYjczMC1lY2FhLTExZTYtOGY4OC0zNDM2M2JjN2M0YzAiOnsiY3JlYXRlIjoxODAwMDAwMDAwMDAwLCJkZWxldGUiOjE4MDAwMDAwMDAwMDAsInJlYWQiOjMwMDAwMDAwMDAwMCwidXBkYXRlIjoxODAwMDAwMDAwMDAwfX0=",
          "dependencies": [
            "azurerm_app_service_plan.app-plan",
            "azurerm_resource_group.resourcegroup"
          ]
        }
      ]
    },
    {
      "mode": "managed",
      "type": "azurerm_app_service_plan",
      "name": "app-plan",
      "provider": "provider[\"registry.terraform.io/hashicorp/azurerm\"]",
      "instances": [
        {
          "schema_version": 0,
          "attributes": {
            "app_service_environment_id": "",
            "id": "/subscriptions/07511652-8939-424c-bedb-5cafb3b61347/resourceGroups/Resourcegroupteam2/providers/Microsoft.Web/serverfarms/team2serviceplan",
            "is_xenon": false,
            "kind": "Windows",
            "location": "koreacentral",
            "maximum_elastic_worker_count": 1,
            "maximum_number_of_workers": 10,
            "name": "team2serviceplan",
            "per_site_scaling": false,
            "reserved": false,
            "resource_group_name": "Resourcegroupteam2",
            "sku": [
              {
                "capacity": 1,
                "size": "S1",
                "tier": "Standard"
              }
            ],
            "tags": {},
            "timeouts": null,
            "zone_redundant": false
          },
          "sensitive_attributes": [],
          "private": "eyJlMmJmYjczMC1lY2FhLTExZTYtOGY4OC0zNDM2M2JjN2M0YzAiOnsiY3JlYXRlIjozNjAwMDAwMDAwMDAwLCJkZWxldGUiOjM2MDAwMDAwMDAwMDAsInJlYWQiOjMwMDAwMDAwMDAwMCwidXBkYXRlIjozNjAwMDAwMDAwMDAwfX0=",
          "dependencies": [
            "azurerm_resource_group.resourcegroup"
          ]
        }
      ]
    },
    {
      "mode": "managed",
      "type": "azurerm_lb",
      "name": "lb",
      "provider": "provider[\"registry.terraform.io/hashicorp/azurerm\"]",
      "instances": [
        {
          "schema_version": 0,
          "attributes": {
            "frontend_ip_configuration": [
              {
                "availability_zone": "No-Zone",
                "gateway_load_balancer_frontend_ip_configuration_id": "",
                "id": "/subscriptions/07511652-8939-424c-bedb-5cafb3b61347/resourceGroups/Resourcegroupteam2/providers/Microsoft.Network/loadBalancers/Team2LoadBalancer/frontendIPConfigurations/PublicIPAddress",
                "inbound_nat_rules": [],
                "load_balancer_rules": [],
                "name": "PublicIPAddress",
                "outbound_rules": [],
                "private_ip_address": "",
                "private_ip_address_allocation": "Dynamic",
                "private_ip_address_version": "",
                "public_ip_address_id": "/subscriptions/07511652-8939-424c-bedb-5cafb3b61347/resourceGroups/Resourcegroupteam2/providers/Microsoft.Network/publicIPAddresses/PublicIPForLB",
                "public_ip_prefix_id": "",
                "subnet_id": "",
                "zones": []
              }
            ],
            "id": "/subscriptions/07511652-8939-424c-bedb-5cafb3b61347/resourceGroups/Resourcegroupteam2/providers/Microsoft.Network/loadBalancers/Team2LoadBalancer",
            "location": "koreacentral",
            "name": "Team2LoadBalancer",
            "private_ip_address": "",
            "private_ip_addresses": [],
            "resource_group_name": "Resourcegroupteam2",
            "sku": "Basic",
            "sku_tier": "Regional",
            "tags": {},
            "timeouts": null
          },
          "sensitive_attributes": [],
          "private": "eyJlMmJmYjczMC1lY2FhLTExZTYtOGY4OC0zNDM2M2JjN2M0YzAiOnsiY3JlYXRlIjoxODAwMDAwMDAwMDAwLCJkZWxldGUiOjE4MDAwMDAwMDAwMDAsInJlYWQiOjMwMDAwMDAwMDAwMCwidXBkYXRlIjoxODAwMDAwMDAwMDAwfX0=",
          "dependencies": [
            "azurerm_public_ip.publicip",
            "azurerm_resource_group.resourcegroup"
          ]
        }
      ]
    },
    {
      "mode": "managed",
      "type": "azurerm_mysql_database",
      "name": "app-db",
      "provider": "provider[\"registry.terraform.io/hashicorp/azurerm\"]",
      "instances": [
        {
          "schema_version": 0,
          "attributes": {
            "charset": "utf8",
            "collation": "utf8_unicode_ci",
            "id": "/subscriptions/07511652-8939-424c-bedb-5cafb3b61347/resourceGroups/Resourcegroupteam2/providers/Microsoft.DBforMySQL/servers/team2appserver/databases/team2appdp",
            "name": "team2appdp",
            "resource_group_name": "Resourcegroupteam2",
            "server_name": "team2appserver",
            "timeouts": null
          },
          "sensitive_attributes": [],
          "private": "eyJlMmJmYjczMC1lY2FhLTExZTYtOGY4OC0zNDM2M2JjN2M0YzAiOnsiY3JlYXRlIjozNjAwMDAwMDAwMDAwLCJkZWxldGUiOjM2MDAwMDAwMDAwMDAsInJlYWQiOjMwMDAwMDAwMDAwMCwidXBkYXRlIjozNjAwMDAwMDAwMDAwfX0=",
          "dependencies": [
            "azurerm_mysql_server.mysql-server",
            "azurerm_resource_group.resourcegroup"
          ]
        }
      ]
    },
    {
      "mode": "managed",
      "type": "azurerm_mysql_server",
      "name": "mysql-server",
      "provider": "provider[\"registry.terraform.io/hashicorp/azurerm\"]",
      "instances": [
        {
          "schema_version": 0,
          "attributes": {
            "administrator_login": "team2admin",
            "administrator_login_password": "P@ssw0rd1234",
            "auto_grow_enabled": false,
            "backup_retention_days": 7,
            "create_mode": "Default",
            "creation_source_server_id": null,
            "fqdn": "team2appserver.mysql.database.azure.com",
            "geo_redundant_backup_enabled": false,
            "id": "/subscriptions/07511652-8939-424c-bedb-5cafb3b61347/resourceGroups/Resourcegroupteam2/providers/Microsoft.DBforMySQL/servers/team2appserver",
            "identity": [],
            "infrastructure_encryption_enabled": false,
            "location": "koreacentral",
            "name": "team2appserver",
            "public_network_access_enabled": true,
            "resource_group_name": "Resourcegroupteam2",
            "restore_point_in_time": null,
            "sku_name": "B_Gen5_2",
            "ssl_enforcement": "Disabled",
            "ssl_enforcement_enabled": false,
            "ssl_minimal_tls_version_enforced": "TLSEnforcementDisabled",
            "storage_mb": 5120,
            "storage_profile": [
              {
                "auto_grow": "Disabled",
                "backup_retention_days": 7,
                "geo_redundant_backup": "Disabled",
                "storage_mb": 5120
              }
            ],
            "tags": {},
            "threat_detection_policy": [],
            "timeouts": null,
            "version": "5.7"
          },
          "sensitive_attributes": [],
          "private": "eyJlMmJmYjczMC1lY2FhLTExZTYtOGY4OC0zNDM2M2JjN2M0YzAiOnsiY3JlYXRlIjozNjAwMDAwMDAwMDAwLCJkZWxldGUiOjM2MDAwMDAwMDAwMDAsInJlYWQiOjMwMDAwMDAwMDAwMCwidXBkYXRlIjozNjAwMDAwMDAwMDAwfX0=",
          "dependencies": [
            "azurerm_resource_group.resourcegroup"
          ]
        }
      ]
    },
    {
      "mode": "managed",
      "type": "azurerm_public_ip",
      "name": "publicip",
      "provider": "provider[\"registry.terraform.io/hashicorp/azurerm\"]",
      "instances": [
        {
          "schema_version": 0,
          "attributes": {
            "allocation_method": "Static",
            "availability_zone": "No-Zone",
            "domain_name_label": null,
            "fqdn": null,
            "id": "/subscriptions/07511652-8939-424c-bedb-5cafb3b61347/resourceGroups/Resourcegroupteam2/providers/Microsoft.Network/publicIPAddresses/PublicIPForLB",
            "idle_timeout_in_minutes": 4,
            "ip_address": "20.194.34.207",
            "ip_tags": {},
            "ip_version": "IPv4",
            "location": "koreacentral",
            "name": "PublicIPForLB",
            "public_ip_prefix_id": null,
            "resource_group_name": "Resourcegroupteam2",
            "reverse_fqdn": null,
            "sku": "Basic",
            "sku_tier": "Regional",
            "tags": {},
            "timeouts": null,
            "zones": []
          },
          "sensitive_attributes": [],
          "private": "eyJlMmJmYjczMC1lY2FhLTExZTYtOGY4OC0zNDM2M2JjN2M0YzAiOnsiY3JlYXRlIjoxODAwMDAwMDAwMDAwLCJkZWxldGUiOjE4MDAwMDAwMDAwMDAsInJlYWQiOjMwMDAwMDAwMDAwMCwidXBkYXRlIjoxODAwMDAwMDAwMDAwfX0=",
          "dependencies": [
            "azurerm_resource_group.resourcegroup"
          ]
        }
      ]
    },
    {
      "mode": "managed",
      "type": "azurerm_resource_group",
      "name": "resourcegroup",
      "provider": "provider[\"registry.terraform.io/hashicorp/azurerm\"]",
      "instances": [
        {
          "schema_version": 0,
          "attributes": {
            "id": "/subscriptions/07511652-8939-424c-bedb-5cafb3b61347/resourceGroups/Resourcegroupteam2",
            "location": "koreacentral",
            "name": "Resourcegroupteam2",
            "tags": {},
            "timeouts": null
          },
          "sensitive_attributes": [],
          "private": "eyJlMmJmYjczMC1lY2FhLTExZTYtOGY4OC0zNDM2M2JjN2M0YzAiOnsiY3JlYXRlIjo1NDAwMDAwMDAwMDAwLCJkZWxldGUiOjU0MDAwMDAwMDAwMDAsInJlYWQiOjMwMDAwMDAwMDAwMCwidXBkYXRlIjo1NDAwMDAwMDAwMDAwfX0="
        }
      ]
    },
    {
      "mode": "managed",
      "type": "azurerm_storage_account",
      "name": "example",
      "provider": "provider[\"registry.terraform.io/hashicorp/azurerm\"]",
      "instances": [
        {
          "schema_version": 2,
          "attributes": {
            "access_tier": "Hot",
            "account_kind": "StorageV2",
            "account_replication_type": "LRS",
            "account_tier": "Standard",
            "allow_blob_public_access": false,
            "azure_files_authentication": [],
            "blob_properties": [
              {
                "change_feed_enabled": false,
                "container_delete_retention_policy": [],
                "cors_rule": [],
                "default_service_version": "",
                "delete_retention_policy": [],
                "last_access_time_enabled": false,
                "versioning_enabled": false
              }
            ],
            "custom_domain": [],
            "customer_managed_key": [],
            "enable_https_traffic_only": true,
            "id": "/subscriptions/07511652-8939-424c-bedb-5cafb3b61347/resourceGroups/Resourcegroupteam2/providers/Microsoft.Storage/storageAccounts/team2storagessss",
            "identity": [],
            "infrastructure_encryption_enabled": false,
            "is_hns_enabled": false,
            "large_file_share_enabled": null,
            "location": "koreacentral",
            "min_tls_version": "TLS1_0",
            "name": "team2storagessss",
            "network_rules": [
              {
                "bypass": [
                  "AzureServices"
                ],
                "default_action": "Allow",
                "ip_rules": [],
                "private_link_access": [],
                "virtual_network_subnet_ids": []
              }
            ],
            "nfsv3_enabled": false,
            "primary_access_key": "o+S54++PiykfJ+ZxvmY+r5hOU0m+KglfkAx1B5jJ5uN7FlyJCsnY92do7KS/Y0RqNwo+mv4LqysB2GJBmCvLrQ==",
            "primary_blob_connection_string": "DefaultEndpointsProtocol=https;BlobEndpoint=https://team2storagessss.blob.core.windows.net/;AccountName=team2storagessss;AccountKey=o+S54++PiykfJ+ZxvmY+r5hOU0m+KglfkAx1B5jJ5uN7FlyJCsnY92do7KS/Y0RqNwo+mv4LqysB2GJBmCvLrQ==",
            "primary_blob_endpoint": "https://team2storagessss.blob.core.windows.net/",
            "primary_blob_host": "team2storagessss.blob.core.windows.net",
            "primary_connection_string": "DefaultEndpointsProtocol=https;AccountName=team2storagessss;AccountKey=o+S54++PiykfJ+ZxvmY+r5hOU0m+KglfkAx1B5jJ5uN7FlyJCsnY92do7KS/Y0RqNwo+mv4LqysB2GJBmCvLrQ==;EndpointSuffix=core.windows.net",
            "primary_dfs_endpoint": "https://team2storagessss.dfs.core.windows.net/",
            "primary_dfs_host": "team2storagessss.dfs.core.windows.net",
            "primary_file_endpoint": "https://team2storagessss.file.core.windows.net/",
            "primary_file_host": "team2storagessss.file.core.windows.net",
            "primary_location": "koreacentral",
            "primary_queue_endpoint": "https://team2storagessss.queue.core.windows.net/",
            "primary_queue_host": "team2storagessss.queue.core.windows.net",
            "primary_table_endpoint": "https://team2storagessss.table.core.windows.net/",
            "primary_table_host": "team2storagessss.table.core.windows.net",
            "primary_web_endpoint": "https://team2storagessss.z12.web.core.windows.net/",
            "primary_web_host": "team2storagessss.z12.web.core.windows.net",
            "queue_encryption_key_type": "Service",
            "queue_properties": [
              {
                "cors_rule": [],
                "hour_metrics": [
                  {
                    "enabled": true,
                    "include_apis": true,
                    "retention_policy_days": 7,
                    "version": "1.0"
                  }
                ],
                "logging": [
                  {
                    "delete": false,
                    "read": false,
                    "retention_policy_days": 0,
                    "version": "1.0",
                    "write": false
                  }
                ],
                "minute_metrics": [
                  {
                    "enabled": false,
                    "include_apis": false,
                    "retention_policy_days": 0,
                    "version": "1.0"
                  }
                ]
              }
            ],
            "resource_group_name": "Resourcegroupteam2",
            "routing": [],
            "secondary_access_key": "+DWvsDthRLsiCvzUoMW6WvCa+aWdBy6eql5sqfZtokWq8ULf9QOMZR+d0ORTUUFGiS0LR6DBxOi9fSuZGaZAgQ==",
            "secondary_blob_connection_string": "",
            "secondary_blob_endpoint": null,
            "secondary_blob_host": null,
            "secondary_connection_string": "DefaultEndpointsProtocol=https;AccountName=team2storagessss;AccountKey=+DWvsDthRLsiCvzUoMW6WvCa+aWdBy6eql5sqfZtokWq8ULf9QOMZR+d0ORTUUFGiS0LR6DBxOi9fSuZGaZAgQ==;EndpointSuffix=core.windows.net",
            "secondary_dfs_endpoint": null,
            "secondary_dfs_host": null,
            "secondary_file_endpoint": null,
            "secondary_file_host": null,
            "secondary_location": "",
            "secondary_queue_endpoint": null,
            "secondary_queue_host": null,
            "secondary_table_endpoint": null,
            "secondary_table_host": null,
            "secondary_web_endpoint": null,
            "secondary_web_host": null,
            "share_properties": [
              {
                "cors_rule": [],
                "retention_policy": [
                  {
                    "days": 7
                  }
                ],
                "smb": []
              }
            ],
            "shared_access_key_enabled": true,
            "static_website": [],
            "table_encryption_key_type": "Service",
            "tags": null,
            "timeouts": null
          },
          "sensitive_attributes": [],
          "private": "eyJlMmJmYjczMC1lY2FhLTExZTYtOGY4OC0zNDM2M2JjN2M0YzAiOnsiY3JlYXRlIjozNjAwMDAwMDAwMDAwLCJkZWxldGUiOjM2MDAwMDAwMDAwMDAsInJlYWQiOjMwMDAwMDAwMDAwMCwidXBkYXRlIjozNjAwMDAwMDAwMDAwfSwic2NoZW1hX3ZlcnNpb24iOiIyIn0=",
          "dependencies": [
            "azurerm_resource_group.resourcegroup"
          ]
        }
      ]
    },
    {
      "mode": "managed",
      "type": "azurerm_storage_share",
      "name": "example",
      "provider": "provider[\"registry.terraform.io/hashicorp/azurerm\"]",
      "instances": [
        {
          "schema_version": 2,
          "attributes": {
            "acl": [],
            "enabled_protocol": "SMB",
            "id": "https://team2storagessss.file.core.windows.net/team2share",
            "metadata": {},
            "name": "team2share",
            "quota": 50,
            "resource_manager_id": "/subscriptions/07511652-8939-424c-bedb-5cafb3b61347/resourceGroups/Resourcegroupteam2/providers/Microsoft.Storage/storageAccounts/team2storagessss/fileServices/default/fileshares/team2share",
            "storage_account_name": "team2storagessss",
            "timeouts": null,
            "url": "https://team2storagessss.file.core.windows.net/team2share"
          },
          "sensitive_attributes": [],
          "private": "eyJlMmJmYjczMC1lY2FhLTExZTYtOGY4OC0zNDM2M2JjN2M0YzAiOnsiY3JlYXRlIjoxODAwMDAwMDAwMDAwLCJkZWxldGUiOjE4MDAwMDAwMDAwMDAsInJlYWQiOjMwMDAwMDAwMDAwMCwidXBkYXRlIjoxODAwMDAwMDAwMDAwfSwic2NoZW1hX3ZlcnNpb24iOiIyIn0=",
          "dependencies": [
            "azurerm_resource_group.resourcegroup",
            "azurerm_storage_account.example"
          ]
        }
      ]
    },
    {
      "mode": "managed",
      "type": "azurerm_virtual_network",
      "name": "virtualnetwork",
      "provider": "provider[\"registry.terraform.io/hashicorp/azurerm\"]",
      "instances": [
        {
          "schema_version": 0,
          "attributes": {
            "address_space": [
              "10.0.0.0/16"
            ],
            "bgp_community": "",
            "ddos_protection_plan": [],
            "dns_servers": [],
            "flow_timeout_in_minutes": 0,
            "guid": "388e8edc-bee2-420f-817e-ffd6f10b6c3c",
            "id": "/subscriptions/07511652-8939-424c-bedb-5cafb3b61347/resourceGroups/Resourcegroupteam2/providers/Microsoft.Network/virtualNetworks/team2network",
            "location": "koreacentral",
            "name": "team2network",
            "resource_group_name": "Resourcegroupteam2",
            "subnet": [],
            "tags": {},
            "timeouts": null,
            "vm_protection_enabled": false
          },
          "sensitive_attributes": [],
          "private": "eyJlMmJmYjczMC1lY2FhLTExZTYtOGY4OC0zNDM2M2JjN2M0YzAiOnsiY3JlYXRlIjoxODAwMDAwMDAwMDAwLCJkZWxldGUiOjE4MDAwMDAwMDAwMDAsInJlYWQiOjMwMDAwMDAwMDAwMCwidXBkYXRlIjoxODAwMDAwMDAwMDAwfX0=",
          "dependencies": [
            "azurerm_resource_group.resourcegroup"
          ]
        }
      ]
    }
  ]
}
